<?xml version="1.0" encoding="utf-8"?>
<Project ToolsVersion="4.0" xmlns="http://schemas.microsoft.com/developer/msbuild/2003">
  <ItemGroup>
    <Filter Include="Kaynak Dosyalar">
      <UniqueIdentifier>{4FC737F1-C7A5-4376-A066-2A32D752A2FF}</UniqueIdentifier>
      <Extensions>cpp;c;cc;cxx;c++;cppm;ixx;def;odl;idl;hpj;bat;asm;asmx</Extensions>
    </Filter>
    <Filter Include="Üst Bilgi Dosyaları">
      <UniqueIdentifier>{93995380-89BD-4b04-88EB-625FBE52EBFB}</UniqueIdentifier>
      <Extensions>h;hh;hpp;hxx;h++;hm;inl;inc;ipp;xsd</Extensions>
    </Filter>
    <Filter Include="Kaynak Dosyaları">
      <UniqueIdentifier>{67DA6AB6-F800-4c08-8B7A-83BB121AAD01}</UniqueIdentifier>
      <Extensions>rc;ico;cur;bmp;dlg;rc2;rct;bin;rgs;gif;jpg;jpeg;jpe;resx;tiff;tif;png;wav;mfcribbon-ms</Extensions>
    </Filter>
  </ItemGroup>
  <ItemGroup>
    <ClCompile Include="main.c">
      <Filter>Kaynak Dosyalar</Filter>
    </ClCompile>
    <ClCompile Include="lfc_unicode.c">
      <Filter>Kaynak Dosyalar</Filter>
    </ClCompile>
    <ClCompile Include="lfc_utils.c">
      <Filter>Kaynak Dosyalar</Filter>
    </ClCompile>
    <ClCompile Include="lfc_font.c">
      <Filter>Kaynak Dosyalar</Filter>
    </ClCompile>
    <ClCompile Include="lfc_load_font.c">
      <Filter>Kaynak Dosyalar</Filter>
    </ClCompile>
    <ClCompile Include="lfc_c8_format.c">
      <Filter>Kaynak Dosyalar</Filter>
    </ClCompile>
    <ClCompile Include="lfc_font_info.c">
      <Filter>Kaynak Dosyalar</Filter>
    </ClCompile>
    <ClCompile Include="lfc_print_all.c">
      <Filter>Kaynak Dosyalar</Filter>
    </ClCompile>
  </ItemGroup>
  <ItemGroup>
    <Library Include="Release Static\freetype.lib" />
  </ItemGroup>
  <ItemGroup>
    <ClInclude Include="lfc_unicode.h">
      <Filter>Kaynak Dosyalar</Filter>
    </ClInclude>
    <ClInclude Include="lfc_font_def.h">
      <Filter>Kaynak Dosyalar</Filter>
    </ClInclude>
    <ClInclude Include="lfc_utils.h">
      <Filter>Kaynak Dosyalar</Filter>
    </ClInclude>
    <ClInclude Include="lfc_font.h">
      <Filter>Kaynak Dosyalar</Filter>
    </ClInclude>
    <ClInclude Include="lfc_font_info.h">
      <Filter>Kaynak Dosyalar</Filter>
    </ClInclude>
    <ClInclude Include="lfc_c8_format.h">
      <Filter>Kaynak Dosyalar</Filter>
    </ClInclude>
    <ClInclude Include="lfc_load_font.h">
      <Filter>Kaynak Dosyalar</Filter>
    </ClInclude>
    <ClInclude Include="lfc_print_all.h">
      <Filter>Kaynak Dosyalar</Filter>
    </ClInclude>
  </ItemGroup>
  <ItemGroup>
    <None Include="README.md">
      <Filter>Kaynak Dosyalar</Filter>
    </None>
  </ItemGroup>
</Project>