<?xml version="1.0" encoding="UTF-8" standalone="yes" ?>
<CodeBlocks_project_file>
	<FileVersion major="1" minor="6" />
	<Project>
		<Option title="freetype" />
		<Option pch_mode="2" />
		<Option compiler="gcc" />
		<Build>
			<Target title="Win32 Release">
				<Option output="$(OutDir)/freetype" prefix_auto="1" extension_auto="1" />
				<Option object_output="../../../objs/Win32/Release" />
				<Option type="3" />
				<Option compiler="gcc" />
				<Option createDefFile="1" />
				<Option createStaticLib="1" />
				<Compiler>
					<Add option="-W" />
					<Add option="-O2" />
					<Add option="-DWIN32" />
					<Add option="-DNDEBUG" />
					<Add option="-ansi" />
					<Add option="-D_CRT_SECURE_NO_WARNINGS" />
					<Add option="-DFT2_BUILD_LIBRARY" />
					<Add option="-DDLL_EXPORT" />
					<Add directory="../../../include" />
				</Compiler>
				<Linker>
					<Add option="--dll " />
					<Add library="kernel32" />
					<Add library="user32" />
					<Add library="gdi32" />
					<Add library="winspool" />
					<Add library="comdlg32" />
					<Add library="advapi32" />
					<Add library="shell32" />
					<Add library="ole32" />
					<Add library="oleaut32" />
					<Add library="uuid" />
					<Add library="odbc32" />
					<Add library="odbccp32" />
				</Linker>
			</Target>
			<Target title="Win32 Debug">
				<Option output="$(OutDir)/freetype" prefix_auto="1" extension_auto="1" />
				<Option object_output="../../../objs/Win32/Debug" />
				<Option type="3" />
				<Option compiler="gcc" />
				<Option createDefFile="1" />
				<Option createStaticLib="1" />
				<Compiler>
					<Add option="-W" />
					<Add option="-g" />
					<Add option="-DWIN32" />
					<Add option="-D_DEBUG" />
					<Add option="-ansi" />
					<Add option="-D_CRT_SECURE_NO_WARNINGS" />
					<Add option="-DFT_DEBUG_LEVEL_ERROR" />
					<Add option="-DFT_DEBUG_LEVEL_TRACE" />
					<Add option="-DFT2_BUILD_LIBRARY" />
					<Add option="-DDLL_EXPORT" />
					<Add directory="../../../include" />
				</Compiler>
				<Linker>
					<Add option="--dll " />
					<Add library="kernel32" />
					<Add library="user32" />
					<Add library="gdi32" />
					<Add library="winspool" />
					<Add library="comdlg32" />
					<Add library="advapi32" />
					<Add library="shell32" />
					<Add library="ole32" />
					<Add library="oleaut32" />
					<Add library="uuid" />
					<Add library="odbc32" />
					<Add library="odbccp32" />
				</Linker>
			</Target>
			<Target title="Win32 Release Static">
				<Option output="C:/Users/yusuf/Desktop/freetype-2.10.4/objs/Win32/Release Static/freetype" prefix_auto="1" extension_auto="1" />
				<Option working_dir="" />
				<Option object_output="../../../objs/Win32/Release Static" />
				<Option type="2" />
				<Option compiler="gcc" />
				<Option createDefFile="1" />
				<Compiler>
					<Add option="-W" />
					<Add option="-O2" />
					<Add option="-DWIN32" />
					<Add option="-DNDEBUG" />
					<Add option="-ansi" />
					<Add option="-D_CRT_SECURE_NO_WARNINGS" />
					<Add option="-DFT2_BUILD_LIBRARY" />
					<Add directory="../../../include" />
				</Compiler>
			</Target>
			<Target title="Win32 Debug Static">
				<Option output="C:/Users/yusuf/Desktop/freetype-2.10.4/objs/Win32/Debug Static/freetype" prefix_auto="1" extension_auto="1" />
				<Option working_dir="" />
				<Option object_output="../../../objs/Win32/Debug Static" />
				<Option type="2" />
				<Option compiler="gcc" />
				<Option createDefFile="1" />
				<Compiler>
					<Add option="-W" />
					<Add option="-g" />
					<Add option="-DWIN32" />
					<Add option="-D_DEBUG" />
					<Add option="-ansi" />
					<Add option="-D_CRT_SECURE_NO_WARNINGS" />
					<Add option="-DFT_DEBUG_LEVEL_ERROR" />
					<Add option="-DFT_DEBUG_LEVEL_TRACE" />
					<Add option="-DFT2_BUILD_LIBRARY" />
					<Add directory="../../../include" />
				</Compiler>
			</Target>
		</Build>
		<Unit filename="../../../include/freetype/config/ftconfig.h" />
		<Unit filename="../../../include/freetype/config/ftheader.h" />
		<Unit filename="../../../include/freetype/config/ftmodule.h" />
		<Unit filename="../../../include/freetype/config/ftoption.h" />
		<Unit filename="../../../include/freetype/config/ftstdlib.h" />
		<Unit filename="../../../include/ft2build.h" />
		<Unit filename="../../../src/autofit/autofit.c">
			<Option compilerVar="CC" />
		</Unit>
		<Unit filename="../../../src/base/ftbase.c">
			<Option compilerVar="CC" />
		</Unit>
		<Unit filename="../../../src/base/ftbbox.c">
			<Option compilerVar="CC" />
		</Unit>
		<Unit filename="../../../src/base/ftbdf.c">
			<Option compilerVar="CC" />
		</Unit>
		<Unit filename="../../../src/base/ftbitmap.c">
			<Option compilerVar="CC" />
		</Unit>
		<Unit filename="../../../src/base/ftcid.c">
			<Option compilerVar="CC" />
		</Unit>
		<Unit filename="../../../src/base/ftfstype.c">
			<Option compilerVar="CC" />
		</Unit>
		<Unit filename="../../../src/base/ftgasp.c">
			<Option compilerVar="CC" />
		</Unit>
		<Unit filename="../../../src/base/ftglyph.c">
			<Option compilerVar="CC" />
		</Unit>
		<Unit filename="../../../src/base/ftgxval.c">
			<Option compilerVar="CC" />
		</Unit>
		<Unit filename="../../../src/base/ftinit.c">
			<Option compilerVar="CC" />
		</Unit>
		<Unit filename="../../../src/base/ftmm.c">
			<Option compilerVar="CC" />
		</Unit>
		<Unit filename="../../../src/base/ftotval.c">
			<Option compilerVar="CC" />
		</Unit>
		<Unit filename="../../../src/base/ftpatent.c">
			<Option compilerVar="CC" />
		</Unit>
		<Unit filename="../../../src/base/ftpfr.c">
			<Option compilerVar="CC" />
		</Unit>
		<Unit filename="../../../src/base/ftstroke.c">
			<Option compilerVar="CC" />
		</Unit>
		<Unit filename="../../../src/base/ftsynth.c">
			<Option compilerVar="CC" />
		</Unit>
		<Unit filename="../../../src/base/ftsystem.c">
			<Option compilerVar="CC" />
		</Unit>
		<Unit filename="../../../src/base/fttype1.c">
			<Option compilerVar="CC" />
		</Unit>
		<Unit filename="../../../src/base/ftver.rc">
			<Option compilerVar="WINDRES" />
		</Unit>
		<Unit filename="../../../src/base/ftwinfnt.c">
			<Option compilerVar="CC" />
		</Unit>
		<Unit filename="../../../src/bdf/bdf.c">
			<Option compilerVar="CC" />
		</Unit>
		<Unit filename="../../../src/cache/ftcache.c">
			<Option compilerVar="CC" />
		</Unit>
		<Unit filename="../../../src/cff/cff.c">
			<Option compilerVar="CC" />
		</Unit>
		<Unit filename="../../../src/cid/type1cid.c">
			<Option compilerVar="CC" />
		</Unit>
		<Unit filename="../../../src/gzip/ftgzip.c">
			<Option compilerVar="CC" />
		</Unit>
		<Unit filename="../../../src/lzw/ftlzw.c">
			<Option compilerVar="CC" />
		</Unit>
		<Unit filename="../../../src/pcf/pcf.c">
			<Option compilerVar="CC" />
		</Unit>
		<Unit filename="../../../src/pfr/pfr.c">
			<Option compilerVar="CC" />
		</Unit>
		<Unit filename="../../../src/psaux/psaux.c">
			<Option compilerVar="CC" />
		</Unit>
		<Unit filename="../../../src/pshinter/pshinter.c">
			<Option compilerVar="CC" />
		</Unit>
		<Unit filename="../../../src/psnames/psmodule.c">
			<Option compilerVar="CC" />
		</Unit>
		<Unit filename="../../../src/raster/raster.c">
			<Option compilerVar="CC" />
		</Unit>
		<Unit filename="../../../src/sfnt/sfnt.c">
			<Option compilerVar="CC" />
		</Unit>
		<Unit filename="../../../src/smooth/smooth.c">
			<Option compilerVar="CC" />
		</Unit>
		<Unit filename="../../../src/truetype/truetype.c">
			<Option compilerVar="CC" />
		</Unit>
		<Unit filename="../../../src/type1/type1.c">
			<Option compilerVar="CC" />
		</Unit>
		<Unit filename="../../../src/type42/type42.c">
			<Option compilerVar="CC" />
		</Unit>
		<Unit filename="../../../src/winfonts/winfnt.c">
			<Option compilerVar="CC" />
		</Unit>
		<Unit filename="../ftdebug.c">
			<Option compilerVar="CC" />
		</Unit>
		<Extensions>
			<code_completion />
			<envvars />
			<debugger />
		</Extensions>
	</Project>
</CodeBlocks_project_file>
